
Microsoft Visual Studio Solution File, Format Version 12.00
# Visual Studio Version 17
VisualStudioVersion = 17.8.34330.188
MinimumVisualStudioVersion = 10.0.40219.1
Project("{FAE04EC0-301F-11D3-BF4B-00C04F79EFBC}") = "WebProgWithAspNet", "WebProgWithAspNet.csproj", "{48D0E4C9-587B-42B9-9C32-0CB5430168BA}"
EndProject
Global
	GlobalSection(SolutionConfigurationPlatforms) = preSolution
		Debug|Any CPU = Debug|Any CPU
		Release|Any CPU = Release|Any CPU
	EndGlobalSection
	GlobalSection(ProjectConfigurationPlatforms) = postSolution
		{48D0E4C9-587B-42B9-9C32-0CB5430168BA}.Debug|Any CPU.ActiveCfg = Debug|Any CPU
		{48D0E4C9-587B-42B9-9C32-0CB5430168BA}.Debug|Any CPU.Build.0 = Debug|Any CPU
		{48D0E4C9-587B-42B9-9C32-0CB5430168BA}.Release|Any CPU.ActiveCfg = Release|Any CPU
		{48D0E4C9-587B-42B9-9C32-0CB5430168BA}.Release|Any CPU.Build.0 = Release|Any CPU
	EndGlobalSection
	GlobalSection(SolutionProperties) = preSolution
		HideSolutionNode = FALSE
	EndGlobalSection
	GlobalSection(ExtensibilityGlobals) = postSolution
		SolutionGuid = {0E319F5F-A215-499A-A2DE-53AFFB01FC29}
	EndGlobalSection
EndGlobal
